// !$*UTF8*$!
{
	archiveVersion = 1;
	classes = {
	};
	objectVersion = 46;
	objects = {

/* Begin PBXFileReference section */
		46F4620A16F0D1BA0092840F /* Interval.cpp */ = {isa = PBXFileReference; lastKnownFileType = sourcecode.cpp.cpp; path = Interval.cpp; sourceTree = "<group>"; };
		46F4620C16F0D1C40092840F /* Interval.h */ = {isa = PBXFileReference; lastKnownFileType = sourcecode.c.h; path = Interval.h; sourceTree = "<group>"; };
		46F4620E16F0D1CE0092840F /* TimeProcess.cpp */ = {isa = PBXFileReference; lastKnownFileType = sourcecode.cpp.cpp; path = TimeProcess.cpp; sourceTree = "<group>"; };
		46F4620F16F0D1CE0092840F /* TimeProcess.h */ = {isa = PBXFileReference; lastKnownFileType = sourcecode.c.h; path = TimeProcess.h; sourceTree = "<group>"; };
/* End PBXFileReference section */

/* Begin PBXGroup section */
		46F461FE16F0D1980092840F = {
			isa = PBXGroup;
			children = (
				46F4620D16F0D1CE0092840F /* TimeProcessLib */,
				46F4620B16F0D1C40092840F /* includes */,
				46F4620916F0D1BA0092840F /* source */,
			);
			sourceTree = "<group>";
		};
		46F4620916F0D1BA0092840F /* source */ = {
			isa = PBXGroup;
			children = (
				46F4620A16F0D1BA0092840F /* Interval.cpp */,
			);
			path = source;
			sourceTree = "<group>";
		};
		46F4620B16F0D1C40092840F /* includes */ = {
			isa = PBXGroup;
			children = (
				46F4620C16F0D1C40092840F /* Interval.h */,
			);
			path = includes;
			sourceTree = "<group>";
		};
		46F4620D16F0D1CE0092840F /* TimeProcessLib */ = {
			isa = PBXGroup;
			children = (
				46F4620F16F0D1CE0092840F /* TimeProcess.h */,
				46F4620E16F0D1CE0092840F /* TimeProcess.cpp */,
			);
			name = TimeProcessLib;
			path = ../../library/TimeProcessLib;
			sourceTree = "<group>";
		};
/* End PBXGroup section */

/* Begin PBXLegacyTarget section */
		46F4620316F0D1980092840F /* Interval */ = {
			isa = PBXLegacyTarget;
			buildArgumentsString = "$(ACTION) $(Configuration)";
			buildConfigurationList = 46F4620616F0D1980092840F /* Build configuration list for PBXLegacyTarget "Interval" */;
			buildPhases = (
			);
			buildToolPath = /usr/bin/make;
			buildWorkingDirectory = "";
			dependencies = (
			);
			name = Interval;
			passBuildSettingsInEnvironment = 1;
			productName = Interval;
		};
/* End PBXLegacyTarget section */

/* Begin PBXProject section */
		46F461FF16F0D1980092840F /* Project object */ = {
			isa = PBXProject;
			attributes = {
				LastUpgradeCheck = 0460;
				ORGANIZATIONNAME = OSSIA;
			};
			buildConfigurationList = 46F4620216F0D1980092840F /* Build configuration list for PBXProject "Interval" */;
			compatibilityVersion = "Xcode 3.2";
			developmentRegion = English;
			hasScannedForEncodings = 0;
			knownRegions = (
				en,
			);
			mainGroup = 46F461FE16F0D1980092840F;
			projectDirPath = "";
			projectRoot = "";
			targets = (
				46F4620316F0D1980092840F /* Interval */,
			);
		};
/* End PBXProject section */

/* Begin XCBuildConfiguration section */
		46F4620416F0D1980092840F /* Debug */ = {
			isa = XCBuildConfiguration;
			buildSettings = {
				ALWAYS_SEARCH_USER_PATHS = NO;
				ARCHS = "$(ARCHS_STANDARD_64_BIT)";
				CLANG_CXX_LANGUAGE_STANDARD = "gnu++0x";
				CLANG_CXX_LIBRARY = "libc++";
				CLANG_WARN_CONSTANT_CONVERSION = YES;
				CLANG_WARN_EMPTY_BODY = YES;
				CLANG_WARN_ENUM_CONVERSION = YES;
				CLANG_WARN_INT_CONVERSION = YES;
				CLANG_WARN__DUPLICATE_METHOD_MATCH = YES;
				COPY_PHASE_STRIP = NO;
				GCC_C_LANGUAGE_STANDARD = gnu99;
				GCC_DYNAMIC_NO_PIC = NO;
				GCC_ENABLE_OBJC_EXCEPTIONS = YES;
				GCC_OPTIMIZATION_LEVEL = 0;
				GCC_PREPROCESSOR_DEFINITIONS = (
					"DEBUG=1",
					"$(inherited)",
				);
				GCC_SYMBOLS_PRIVATE_EXTERN = NO;
				GCC_WARN_64_TO_32_BIT_CONVERSION = YES;
				GCC_WARN_ABOUT_RETURN_TYPE = YES;
				GCC_WARN_UNINITIALIZED_AUTOS = YES;
				GCC_WARN_UNUSED_VARIABLE = YES;
				MACOSX_DEPLOYMENT_TARGET = 10.8;
				ONLY_ACTIVE_ARCH = YES;
				SDKROOT = macosx;
			};
			name = Debug;
		};
		46F4620516F0D1980092840F /* Release */ = {
			isa = XCBuildConfiguration;
			buildSettings = {
				ALWAYS_SEARCH_USER_PATHS = NO;
				ARCHS = "$(ARCHS_STANDARD_64_BIT)";
				CLANG_CXX_LANGUAGE_STANDARD = "gnu++0x";
				CLANG_CXX_LIBRARY = "libc++";
				CLANG_WARN_CONSTANT_CONVERSION = YES;
				CLANG_WARN_EMPTY_BODY = YES;
				CLANG_WARN_ENUM_CONVERSION = YES;
				CLANG_WARN_INT_CONVERSION = YES;
				CLANG_WARN__DUPLICATE_METHOD_MATCH = YES;
				COPY_PHASE_STRIP = YES;
				DEBUG_INFORMATION_FORMAT = "dwarf-with-dsym";
				GCC_C_LANGUAGE_STANDARD = gnu99;
				GCC_ENABLE_OBJC_EXCEPTIONS = YES;
				GCC_WARN_64_TO_32_BIT_CONVERSION = YES;
				GCC_WARN_ABOUT_RETURN_TYPE = YES;
				GCC_WARN_UNINITIALIZED_AUTOS = YES;
				GCC_WARN_UNUSED_VARIABLE = YES;
				MACOSX_DEPLOYMENT_TARGET = 10.8;
				SDKROOT = macosx;
			};
			name = Release;
		};
		46F4620716F0D1980092840F /* Debug */ = {
			isa = XCBuildConfiguration;
			buildSettings = {
				DEBUGGING_SYMBOLS = YES;
				GCC_GENERATE_DEBUGGING_SYMBOLS = YES;
				GCC_OPTIMIZATION_LEVEL = 0;
				OTHER_CFLAGS = "";
				OTHER_LDFLAGS = "";
				PRODUCT_NAME = "$(TARGET_NAME)";
			};
			name = Debug;
		};
		46F4620816F0D1980092840F /* Release */ = {
			isa = XCBuildConfiguration;
			buildSettings = {
				OTHER_CFLAGS = "";
				OTHER_LDFLAGS = "";
				PRODUCT_NAME = "$(TARGET_NAME)";
			};
			name = Release;
		};
/* End XCBuildConfiguration section */

/* Begin XCConfigurationList section */
		46F4620216F0D1980092840F /* Build configuration list for PBXProject "Interval" */ = {
			isa = XCConfigurationList;
			buildConfigurations = (
				46F4620416F0D1980092840F /* Debug */,
				46F4620516F0D1980092840F /* Release */,
			);
			defaultConfigurationIsVisible = 0;
			defaultConfigurationName = Release;
		};
		46F4620616F0D1980092840F /* Build configuration list for PBXLegacyTarget "Interval" */ = {
			isa = XCConfigurationList;
			buildConfigurations = (
				46F4620716F0D1980092840F /* Debug */,
				46F4620816F0D1980092840F /* Release */,
			);
			defaultConfigurationIsVisible = 0;
			defaultConfigurationName = Release;
		};
/* End XCConfigurationList section */
	};
	rootObject = 46F461FF16F0D1980092840F /* Project object */;
}
