// !$*UTF8*$!
{
	archiveVersion = 1;
	classes = {
	};
	objectVersion = 46;
	objects = {

/* Begin PBXFileReference section */
		468C97D017A2B2CD0032447A /* Scenario.h */ = {isa = PBXFileReference; lastKnownFileType = sourcecode.c.h; path = Scenario.h; sourceTree = "<group>"; };
		468C97D117A2B2CD0032447A /* ScenarioGraph.h */ = {isa = PBXFileReference; lastKnownFileType = sourcecode.c.h; path = ScenarioGraph.h; sourceTree = "<group>"; };
		468C97D217A2B2CD0032447A /* ScenarioSolver.h */ = {isa = PBXFileReference; lastKnownFileType = sourcecode.c.h; path = ScenarioSolver.h; sourceTree = "<group>"; };
		468C97D517A2B2D50032447A /* AllenRelation.cpp */ = {isa = PBXFileReference; lastKnownFileType = sourcecode.cpp.cpp; path = AllenRelation.cpp; sourceTree = "<group>"; };
		468C97D617A2B2D50032447A /* AllenRelation.hpp */ = {isa = PBXFileReference; lastKnownFileType = sourcecode.cpp.h; path = AllenRelation.hpp; sourceTree = "<group>"; };
		468C97D917A2B2D50032447A /* AntPostRelation.cpp */ = {isa = PBXFileReference; lastKnownFileType = sourcecode.cpp.cpp; path = AntPostRelation.cpp; sourceTree = "<group>"; };
		468C97DA17A2B2D50032447A /* AntPostRelation.hpp */ = {isa = PBXFileReference; lastKnownFileType = sourcecode.cpp.h; path = AntPostRelation.hpp; sourceTree = "<group>"; };
		468C97DD17A2B2D50032447A /* BinaryRelation.cpp */ = {isa = PBXFileReference; lastKnownFileType = sourcecode.cpp.cpp; path = BinaryRelation.cpp; sourceTree = "<group>"; };
		468C97DE17A2B2D50032447A /* BinaryRelation.hpp */ = {isa = PBXFileReference; lastKnownFileType = sourcecode.cpp.h; path = BinaryRelation.hpp; sourceTree = "<group>"; };
		468C97E117A2B2D50032447A /* BinaryTemporalRelation.cpp */ = {isa = PBXFileReference; lastKnownFileType = sourcecode.cpp.cpp; path = BinaryTemporalRelation.cpp; sourceTree = "<group>"; };
		468C97E217A2B2D50032447A /* BinaryTemporalRelation.hpp */ = {isa = PBXFileReference; lastKnownFileType = sourcecode.cpp.h; path = BinaryTemporalRelation.hpp; sourceTree = "<group>"; };
		468C97E517A2B2D50032447A /* ConstrainedBox.cpp */ = {isa = PBXFileReference; lastKnownFileType = sourcecode.cpp.cpp; path = ConstrainedBox.cpp; sourceTree = "<group>"; };
		468C97E617A2B2D50032447A /* ConstrainedBox.hpp */ = {isa = PBXFileReference; lastKnownFileType = sourcecode.cpp.h; path = ConstrainedBox.hpp; sourceTree = "<group>"; };
		468C97E917A2B2D50032447A /* ConstrainedTemporalEntity.cpp */ = {isa = PBXFileReference; lastKnownFileType = sourcecode.cpp.cpp; path = ConstrainedTemporalEntity.cpp; sourceTree = "<group>"; };
		468C97EA17A2B2D50032447A /* ConstrainedTemporalEntity.hpp */ = {isa = PBXFileReference; lastKnownFileType = sourcecode.cpp.h; path = ConstrainedTemporalEntity.hpp; sourceTree = "<group>"; };
		468C97ED17A2B2D50032447A /* ControlPoint.cpp */ = {isa = PBXFileReference; lastKnownFileType = sourcecode.cpp.cpp; path = ControlPoint.cpp; sourceTree = "<group>"; };
		468C97EE17A2B2D50032447A /* ControlPoint.hpp */ = {isa = PBXFileReference; lastKnownFileType = sourcecode.cpp.h; path = ControlPoint.hpp; sourceTree = "<group>"; };
		468C97F317A2B2D60032447A /* CSPConstrainedVariable.cpp */ = {isa = PBXFileReference; lastKnownFileType = sourcecode.cpp.cpp; path = CSPConstrainedVariable.cpp; sourceTree = "<group>"; };
		468C97F417A2B2D60032447A /* CSPConstrainedVariable.hpp */ = {isa = PBXFileReference; lastKnownFileType = sourcecode.cpp.h; path = CSPConstrainedVariable.hpp; sourceTree = "<group>"; };
		468C97F717A2B2D60032447A /* CSPLinearConstraint.cpp */ = {isa = PBXFileReference; lastKnownFileType = sourcecode.cpp.cpp; path = CSPLinearConstraint.cpp; sourceTree = "<group>"; };
		468C97F817A2B2D60032447A /* CSPLinearConstraint.hpp */ = {isa = PBXFileReference; lastKnownFileType = sourcecode.cpp.h; path = CSPLinearConstraint.hpp; sourceTree = "<group>"; };
		468C97FB17A2B2D60032447A /* CSPold.cpp */ = {isa = PBXFileReference; lastKnownFileType = sourcecode.cpp.cpp; path = CSPold.cpp; sourceTree = "<group>"; };
		468C97FC17A2B2D60032447A /* CSPold.hpp */ = {isa = PBXFileReference; lastKnownFileType = sourcecode.cpp.h; path = CSPold.hpp; sourceTree = "<group>"; };
		468C97FE17A2B2D60032447A /* CSPTypes.hpp */ = {isa = PBXFileReference; lastKnownFileType = sourcecode.cpp.h; path = CSPTypes.hpp; sourceTree = "<group>"; };
		468C97FF17A2B2D60032447A /* IllegalArgumentException.hpp */ = {isa = PBXFileReference; lastKnownFileType = sourcecode.cpp.h; path = IllegalArgumentException.hpp; sourceTree = "<group>"; };
		468C980017A2B2D60032447A /* IntervalRelation.cpp */ = {isa = PBXFileReference; lastKnownFileType = sourcecode.cpp.cpp; path = IntervalRelation.cpp; sourceTree = "<group>"; };
		468C980117A2B2D60032447A /* IntervalRelation.hpp */ = {isa = PBXFileReference; lastKnownFileType = sourcecode.cpp.h; path = IntervalRelation.hpp; sourceTree = "<group>"; };
		468C980417A2B2D60032447A /* InvalidFileFormatException.hpp */ = {isa = PBXFileReference; lastKnownFileType = sourcecode.cpp.h; path = InvalidFileFormatException.hpp; sourceTree = "<group>"; };
		468C980517A2B2D60032447A /* OutOfBoundException.hpp */ = {isa = PBXFileReference; lastKnownFileType = sourcecode.cpp.h; path = OutOfBoundException.hpp; sourceTree = "<group>"; };
		468C980617A2B2D60032447A /* TriggerPoint.cpp */ = {isa = PBXFileReference; lastKnownFileType = sourcecode.cpp.cpp; path = TriggerPoint.cpp; sourceTree = "<group>"; };
		468C980717A2B2D60032447A /* TriggerPoint.hpp */ = {isa = PBXFileReference; lastKnownFileType = sourcecode.cpp.h; path = TriggerPoint.hpp; sourceTree = "<group>"; };
		468C980C17A2B2D60032447A /* customSpace.cpp */ = {isa = PBXFileReference; lastKnownFileType = sourcecode.cpp.cpp; path = customSpace.cpp; sourceTree = "<group>"; };
		468C980D17A2B2D60032447A /* customSpace.hpp */ = {isa = PBXFileReference; lastKnownFileType = sourcecode.cpp.h; path = customSpace.hpp; sourceTree = "<group>"; };
		468C981017A2B2D60032447A /* gecode_headers.hpp */ = {isa = PBXFileReference; lastKnownFileType = sourcecode.cpp.h; path = gecode_headers.hpp; sourceTree = "<group>"; };
		468C981117A2B2D60032447A /* integerVariable.cpp */ = {isa = PBXFileReference; lastKnownFileType = sourcecode.cpp.cpp; path = integerVariable.cpp; sourceTree = "<group>"; };
		468C981217A2B2D60032447A /* integerVariable.hpp */ = {isa = PBXFileReference; lastKnownFileType = sourcecode.cpp.h; path = integerVariable.hpp; sourceTree = "<group>"; };
		468C981517A2B2D60032447A /* linearConstraint.cpp */ = {isa = PBXFileReference; lastKnownFileType = sourcecode.cpp.cpp; path = linearConstraint.cpp; sourceTree = "<group>"; };
		468C981617A2B2D60032447A /* linearConstraint.hpp */ = {isa = PBXFileReference; lastKnownFileType = sourcecode.cpp.h; path = linearConstraint.hpp; sourceTree = "<group>"; };
		468C981917A2B2D60032447A /* relations_type.hpp */ = {isa = PBXFileReference; lastKnownFileType = sourcecode.cpp.h; path = relations_type.hpp; sourceTree = "<group>"; };
		468C981A17A2B2D60032447A /* searchEngine.cpp */ = {isa = PBXFileReference; lastKnownFileType = sourcecode.cpp.cpp; path = searchEngine.cpp; sourceTree = "<group>"; };
		468C981B17A2B2D60032447A /* searchEngine.hpp */ = {isa = PBXFileReference; lastKnownFileType = sourcecode.cpp.h; path = searchEngine.hpp; sourceTree = "<group>"; };
		468C981E17A2B2D60032447A /* solver.cpp */ = {isa = PBXFileReference; lastKnownFileType = sourcecode.cpp.cpp; path = solver.cpp; sourceTree = "<group>"; };
		468C981F17A2B2D60032447A /* solver.hpp */ = {isa = PBXFileReference; lastKnownFileType = sourcecode.cpp.h; path = solver.hpp; sourceTree = "<group>"; };
		468C982217A2B2D60032447A /* solver_wrap.cpp */ = {isa = PBXFileReference; lastKnownFileType = sourcecode.cpp.cpp; path = solver_wrap.cpp; sourceTree = "<group>"; };
		468C982317A2B2D60032447A /* solver_wrap.hpp */ = {isa = PBXFileReference; lastKnownFileType = sourcecode.cpp.h; path = solver_wrap.hpp; sourceTree = "<group>"; };
		468C982717A2B2D60032447A /* Arc.cpp */ = {isa = PBXFileReference; lastKnownFileType = sourcecode.cpp.cpp; path = Arc.cpp; sourceTree = "<group>"; };
		468C982817A2B2D60032447A /* Arc.hpp */ = {isa = PBXFileReference; lastKnownFileType = sourcecode.cpp.h; path = Arc.hpp; sourceTree = "<group>"; };
		468C982B17A2B2D60032447A /* ArithmeticException.hpp */ = {isa = PBXFileReference; lastKnownFileType = sourcecode.cpp.h; path = ArithmeticException.hpp; sourceTree = "<group>"; };
		468C982C17A2B2D60032447A /* ExtendedInt.cpp */ = {isa = PBXFileReference; lastKnownFileType = sourcecode.cpp.cpp; path = ExtendedInt.cpp; sourceTree = "<group>"; };
		468C982D17A2B2D60032447A /* ExtendedInt.hpp */ = {isa = PBXFileReference; lastKnownFileType = sourcecode.cpp.h; path = ExtendedInt.hpp; sourceTree = "<group>"; };
		468C983017A2B2D60032447A /* IllegalArgumentException.hpp */ = {isa = PBXFileReference; lastKnownFileType = sourcecode.cpp.h; path = IllegalArgumentException.hpp; sourceTree = "<group>"; };
		468C983117A2B2D60032447A /* IncoherentStateException.hpp */ = {isa = PBXFileReference; lastKnownFileType = sourcecode.cpp.h; path = IncoherentStateException.hpp; sourceTree = "<group>"; };
		468C983217A2B2D60032447A /* OutOfBoundException.hpp */ = {isa = PBXFileReference; lastKnownFileType = sourcecode.cpp.h; path = OutOfBoundException.hpp; sourceTree = "<group>"; };
		468C983317A2B2D60032447A /* PetriNet.cpp */ = {isa = PBXFileReference; lastKnownFileType = sourcecode.cpp.cpp; path = PetriNet.cpp; sourceTree = "<group>"; };
		468C983417A2B2D60032447A /* PetriNet.hpp */ = {isa = PBXFileReference; lastKnownFileType = sourcecode.cpp.h; path = PetriNet.hpp; sourceTree = "<group>"; };
		468C983717A2B2D60032447A /* PetriNetItem.cpp */ = {isa = PBXFileReference; lastKnownFileType = sourcecode.cpp.cpp; path = PetriNetItem.cpp; sourceTree = "<group>"; };
		468C983817A2B2D60032447A /* PetriNetItem.hpp */ = {isa = PBXFileReference; lastKnownFileType = sourcecode.cpp.h; path = PetriNetItem.hpp; sourceTree = "<group>"; };
		468C983B17A2B2D60032447A /* PetriNetNode.cpp */ = {isa = PBXFileReference; lastKnownFileType = sourcecode.cpp.cpp; path = PetriNetNode.cpp; sourceTree = "<group>"; };
		468C983C17A2B2D60032447A /* PetriNetNode.hpp */ = {isa = PBXFileReference; lastKnownFileType = sourcecode.cpp.h; path = PetriNetNode.hpp; sourceTree = "<group>"; };
		468C983F17A2B2D60032447A /* Place.cpp */ = {isa = PBXFileReference; lastKnownFileType = sourcecode.cpp.cpp; path = Place.cpp; sourceTree = "<group>"; };
		468C984017A2B2D60032447A /* Place.hpp */ = {isa = PBXFileReference; lastKnownFileType = sourcecode.cpp.h; path = Place.hpp; sourceTree = "<group>"; };
		468C984317A2B2D60032447A /* PriorityTransitionAction.cpp */ = {isa = PBXFileReference; lastKnownFileType = sourcecode.cpp.cpp; path = PriorityTransitionAction.cpp; sourceTree = "<group>"; };
		468C984417A2B2D60032447A /* PriorityTransitionAction.hpp */ = {isa = PBXFileReference; lastKnownFileType = sourcecode.cpp.h; path = PriorityTransitionAction.hpp; sourceTree = "<group>"; };
		468C984717A2B2D60032447A /* ThreadSafeList.cpp */ = {isa = PBXFileReference; lastKnownFileType = sourcecode.cpp.cpp; path = ThreadSafeList.cpp; sourceTree = "<group>"; };
		468C984817A2B2D60032447A /* ThreadSafeList.hpp */ = {isa = PBXFileReference; lastKnownFileType = sourcecode.cpp.h; path = ThreadSafeList.hpp; sourceTree = "<group>"; };
		468C984B17A2B2D60032447A /* Token.cpp */ = {isa = PBXFileReference; lastKnownFileType = sourcecode.cpp.cpp; path = Token.cpp; sourceTree = "<group>"; };
		468C984C17A2B2D60032447A /* Token.hpp */ = {isa = PBXFileReference; lastKnownFileType = sourcecode.cpp.h; path = Token.hpp; sourceTree = "<group>"; };
		468C984F17A2B2D60032447A /* Transition.cpp */ = {isa = PBXFileReference; lastKnownFileType = sourcecode.cpp.cpp; path = Transition.cpp; sourceTree = "<group>"; };
		468C985017A2B2D60032447A /* Transition.hpp */ = {isa = PBXFileReference; lastKnownFileType = sourcecode.cpp.h; path = Transition.hpp; sourceTree = "<group>"; };
		468C985317A2B2D60032447A /* TransitionAction.cpp */ = {isa = PBXFileReference; lastKnownFileType = sourcecode.cpp.cpp; path = TransitionAction.cpp; sourceTree = "<group>"; };
		468C985417A2B2D60032447A /* TransitionAction.hpp */ = {isa = PBXFileReference; lastKnownFileType = sourcecode.cpp.h; path = TransitionAction.hpp; sourceTree = "<group>"; };
		468C985717A2B2D60032447A /* TransitionBitArray.cpp */ = {isa = PBXFileReference; lastKnownFileType = sourcecode.cpp.cpp; path = TransitionBitArray.cpp; sourceTree = "<group>"; };
		468C985817A2B2D60032447A /* TransitionBitArray.hpp */ = {isa = PBXFileReference; lastKnownFileType = sourcecode.cpp.h; path = TransitionBitArray.hpp; sourceTree = "<group>"; };
		468C985B17A2B2D60032447A /* Scenario.cpp */ = {isa = PBXFileReference; lastKnownFileType = sourcecode.cpp.cpp; path = Scenario.cpp; sourceTree = "<group>"; };
		468C985E17A2B2D60032447A /* ScenarioGraph.cpp */ = {isa = PBXFileReference; lastKnownFileType = sourcecode.cpp.cpp; path = ScenarioGraph.cpp; sourceTree = "<group>"; };
		468C986017A2B2D60032447A /* ScenarioSolver.cpp */ = {isa = PBXFileReference; lastKnownFileType = sourcecode.cpp.cpp; path = ScenarioSolver.cpp; sourceTree = "<group>"; };
		468C986217A2B2E60032447A /* Scenario.yml */ = {isa = PBXFileReference; lastKnownFileType = text; path = Scenario.yml; sourceTree = "<group>"; };
/* End PBXFileReference section */

/* Begin PBXGroup section */
		468C97C417A2B2A30032447A = {
			isa = PBXGroup;
			children = (
				468C986217A2B2E60032447A /* Scenario.yml */,
				468C97CF17A2B2CD0032447A /* includes */,
				468C97D317A2B2D50032447A /* source */,
			);
			sourceTree = "<group>";
		};
		468C97CF17A2B2CD0032447A /* includes */ = {
			isa = PBXGroup;
			children = (
				468C97D017A2B2CD0032447A /* Scenario.h */,
				468C97D117A2B2CD0032447A /* ScenarioGraph.h */,
				468C97D217A2B2CD0032447A /* ScenarioSolver.h */,
			);
			path = includes;
			sourceTree = "<group>";
		};
		468C97D317A2B2D50032447A /* source */ = {
			isa = PBXGroup;
			children = (
				468C985B17A2B2D60032447A /* Scenario.cpp */,
				468C985E17A2B2D60032447A /* ScenarioGraph.cpp */,
				468C986017A2B2D60032447A /* ScenarioSolver.cpp */,
				468C97D417A2B2D50032447A /* CSP */,
				468C980B17A2B2D60032447A /* Gecode */,
				468C982617A2B2D60032447A /* PetriNet */,
			);
			path = source;
			sourceTree = SOURCE_ROOT;
		};
		468C97D417A2B2D50032447A /* CSP */ = {
			isa = PBXGroup;
			children = (
				468C97D517A2B2D50032447A /* AllenRelation.cpp */,
				468C97D617A2B2D50032447A /* AllenRelation.hpp */,
				468C97D917A2B2D50032447A /* AntPostRelation.cpp */,
				468C97DA17A2B2D50032447A /* AntPostRelation.hpp */,
				468C97DD17A2B2D50032447A /* BinaryRelation.cpp */,
				468C97DE17A2B2D50032447A /* BinaryRelation.hpp */,
				468C97E117A2B2D50032447A /* BinaryTemporalRelation.cpp */,
				468C97E217A2B2D50032447A /* BinaryTemporalRelation.hpp */,
				468C97E517A2B2D50032447A /* ConstrainedBox.cpp */,
				468C97E617A2B2D50032447A /* ConstrainedBox.hpp */,
				468C97E917A2B2D50032447A /* ConstrainedTemporalEntity.cpp */,
				468C97EA17A2B2D50032447A /* ConstrainedTemporalEntity.hpp */,
				468C97ED17A2B2D50032447A /* ControlPoint.cpp */,
				468C97EE17A2B2D50032447A /* ControlPoint.hpp */,
				468C97F317A2B2D60032447A /* CSPConstrainedVariable.cpp */,
				468C97F417A2B2D60032447A /* CSPConstrainedVariable.hpp */,
				468C97F717A2B2D60032447A /* CSPLinearConstraint.cpp */,
				468C97F817A2B2D60032447A /* CSPLinearConstraint.hpp */,
				468C97FB17A2B2D60032447A /* CSPold.cpp */,
				468C97FC17A2B2D60032447A /* CSPold.hpp */,
				468C97FE17A2B2D60032447A /* CSPTypes.hpp */,
				468C97FF17A2B2D60032447A /* IllegalArgumentException.hpp */,
				468C980017A2B2D60032447A /* IntervalRelation.cpp */,
				468C980117A2B2D60032447A /* IntervalRelation.hpp */,
				468C980417A2B2D60032447A /* InvalidFileFormatException.hpp */,
				468C980517A2B2D60032447A /* OutOfBoundException.hpp */,
				468C980617A2B2D60032447A /* TriggerPoint.cpp */,
				468C980717A2B2D60032447A /* TriggerPoint.hpp */,
			);
			path = CSP;
			sourceTree = "<group>";
		};
		468C980B17A2B2D60032447A /* Gecode */ = {
			isa = PBXGroup;
			children = (
				468C980C17A2B2D60032447A /* customSpace.cpp */,
				468C980D17A2B2D60032447A /* customSpace.hpp */,
				468C981017A2B2D60032447A /* gecode_headers.hpp */,
				468C981117A2B2D60032447A /* integerVariable.cpp */,
				468C981217A2B2D60032447A /* integerVariable.hpp */,
				468C981517A2B2D60032447A /* linearConstraint.cpp */,
				468C981617A2B2D60032447A /* linearConstraint.hpp */,
				468C981917A2B2D60032447A /* relations_type.hpp */,
				468C981A17A2B2D60032447A /* searchEngine.cpp */,
				468C981B17A2B2D60032447A /* searchEngine.hpp */,
				468C981E17A2B2D60032447A /* solver.cpp */,
				468C981F17A2B2D60032447A /* solver.hpp */,
				468C982217A2B2D60032447A /* solver_wrap.cpp */,
				468C982317A2B2D60032447A /* solver_wrap.hpp */,
			);
			path = Gecode;
			sourceTree = "<group>";
		};
		468C982617A2B2D60032447A /* PetriNet */ = {
			isa = PBXGroup;
			children = (
				468C982717A2B2D60032447A /* Arc.cpp */,
				468C982817A2B2D60032447A /* Arc.hpp */,
				468C982B17A2B2D60032447A /* ArithmeticException.hpp */,
				468C982C17A2B2D60032447A /* ExtendedInt.cpp */,
				468C982D17A2B2D60032447A /* ExtendedInt.hpp */,
				468C983017A2B2D60032447A /* IllegalArgumentException.hpp */,
				468C983117A2B2D60032447A /* IncoherentStateException.hpp */,
				468C983217A2B2D60032447A /* OutOfBoundException.hpp */,
				468C983317A2B2D60032447A /* PetriNet.cpp */,
				468C983417A2B2D60032447A /* PetriNet.hpp */,
				468C983717A2B2D60032447A /* PetriNetItem.cpp */,
				468C983817A2B2D60032447A /* PetriNetItem.hpp */,
				468C983B17A2B2D60032447A /* PetriNetNode.cpp */,
				468C983C17A2B2D60032447A /* PetriNetNode.hpp */,
				468C983F17A2B2D60032447A /* Place.cpp */,
				468C984017A2B2D60032447A /* Place.hpp */,
				468C984317A2B2D60032447A /* PriorityTransitionAction.cpp */,
				468C984417A2B2D60032447A /* PriorityTransitionAction.hpp */,
				468C984717A2B2D60032447A /* ThreadSafeList.cpp */,
				468C984817A2B2D60032447A /* ThreadSafeList.hpp */,
				468C984B17A2B2D60032447A /* Token.cpp */,
				468C984C17A2B2D60032447A /* Token.hpp */,
				468C984F17A2B2D60032447A /* Transition.cpp */,
				468C985017A2B2D60032447A /* Transition.hpp */,
				468C985317A2B2D60032447A /* TransitionAction.cpp */,
				468C985417A2B2D60032447A /* TransitionAction.hpp */,
				468C985717A2B2D60032447A /* TransitionBitArray.cpp */,
				468C985817A2B2D60032447A /* TransitionBitArray.hpp */,
			);
			path = PetriNet;
			sourceTree = "<group>";
		};
/* End PBXGroup section */

/* Begin PBXLegacyTarget section */
		468C97C917A2B2A30032447A /* Scenario */ = {
			isa = PBXLegacyTarget;
			buildArgumentsString = "$(ACTION) $(Configuration)";
			buildConfigurationList = 468C97CC17A2B2A30032447A /* Build configuration list for PBXLegacyTarget "Scenario" */;
			buildPhases = (
			);
			buildToolPath = /usr/bin/make;
			buildWorkingDirectory = "";
			dependencies = (
			);
			name = Scenario;
			passBuildSettingsInEnvironment = 1;
			productName = Scenario;
		};
/* End PBXLegacyTarget section */

/* Begin PBXProject section */
		468C97C517A2B2A30032447A /* Project object */ = {
			isa = PBXProject;
			attributes = {
				LastUpgradeCheck = 0460;
				ORGANIZATIONNAME = OSSIA;
			};
			buildConfigurationList = 468C97C817A2B2A30032447A /* Build configuration list for PBXProject "Scenario" */;
			compatibilityVersion = "Xcode 3.2";
			developmentRegion = English;
			hasScannedForEncodings = 0;
			knownRegions = (
				en,
			);
			mainGroup = 468C97C417A2B2A30032447A;
			projectDirPath = "";
			projectRoot = "";
			targets = (
				468C97C917A2B2A30032447A /* Scenario */,
			);
		};
/* End PBXProject section */

/* Begin XCBuildConfiguration section */
		468C97CA17A2B2A30032447A /* Debug */ = {
			isa = XCBuildConfiguration;
			buildSettings = {
				ALWAYS_SEARCH_USER_PATHS = NO;
				ARCHS = "$(ARCHS_STANDARD_64_BIT)";
				CLANG_CXX_LANGUAGE_STANDARD = "gnu++0x";
				CLANG_CXX_LIBRARY = "libc++";
				CLANG_WARN_CONSTANT_CONVERSION = YES;
				CLANG_WARN_EMPTY_BODY = YES;
				CLANG_WARN_ENUM_CONVERSION = YES;
				CLANG_WARN_INT_CONVERSION = YES;
				CLANG_WARN__DUPLICATE_METHOD_MATCH = YES;
				COPY_PHASE_STRIP = NO;
				GCC_C_LANGUAGE_STANDARD = gnu99;
				GCC_DYNAMIC_NO_PIC = NO;
				GCC_ENABLE_OBJC_EXCEPTIONS = YES;
				GCC_OPTIMIZATION_LEVEL = 0;
				GCC_PREPROCESSOR_DEFINITIONS = (
					"DEBUG=1",
					"$(inherited)",
				);
				GCC_SYMBOLS_PRIVATE_EXTERN = NO;
				GCC_WARN_64_TO_32_BIT_CONVERSION = YES;
				GCC_WARN_ABOUT_RETURN_TYPE = YES;
				GCC_WARN_UNINITIALIZED_AUTOS = YES;
				GCC_WARN_UNUSED_VARIABLE = YES;
				MACOSX_DEPLOYMENT_TARGET = 10.8;
				ONLY_ACTIVE_ARCH = YES;
				SDKROOT = macosx;
			};
			name = Debug;
		};
		468C97CB17A2B2A30032447A /* Release */ = {
			isa = XCBuildConfiguration;
			buildSettings = {
				ALWAYS_SEARCH_USER_PATHS = NO;
				ARCHS = "$(ARCHS_STANDARD_64_BIT)";
				CLANG_CXX_LANGUAGE_STANDARD = "gnu++0x";
				CLANG_CXX_LIBRARY = "libc++";
				CLANG_WARN_CONSTANT_CONVERSION = YES;
				CLANG_WARN_EMPTY_BODY = YES;
				CLANG_WARN_ENUM_CONVERSION = YES;
				CLANG_WARN_INT_CONVERSION = YES;
				CLANG_WARN__DUPLICATE_METHOD_MATCH = YES;
				COPY_PHASE_STRIP = YES;
				DEBUG_INFORMATION_FORMAT = "dwarf-with-dsym";
				GCC_C_LANGUAGE_STANDARD = gnu99;
				GCC_ENABLE_OBJC_EXCEPTIONS = YES;
				GCC_WARN_64_TO_32_BIT_CONVERSION = YES;
				GCC_WARN_ABOUT_RETURN_TYPE = YES;
				GCC_WARN_UNINITIALIZED_AUTOS = YES;
				GCC_WARN_UNUSED_VARIABLE = YES;
				MACOSX_DEPLOYMENT_TARGET = 10.8;
				SDKROOT = macosx;
			};
			name = Release;
		};
		468C97CD17A2B2A30032447A /* Debug */ = {
			isa = XCBuildConfiguration;
			buildSettings = {
				DEBUGGING_SYMBOLS = YES;
				GCC_GENERATE_DEBUGGING_SYMBOLS = YES;
				GCC_OPTIMIZATION_LEVEL = 0;
				OTHER_CFLAGS = "";
				OTHER_LDFLAGS = "";
				PRODUCT_NAME = "$(TARGET_NAME)";
			};
			name = Debug;
		};
		468C97CE17A2B2A30032447A /* Release */ = {
			isa = XCBuildConfiguration;
			buildSettings = {
				OTHER_CFLAGS = "";
				OTHER_LDFLAGS = "";
				PRODUCT_NAME = "$(TARGET_NAME)";
			};
			name = Release;
		};
/* End XCBuildConfiguration section */

/* Begin XCConfigurationList section */
		468C97C817A2B2A30032447A /* Build configuration list for PBXProject "Scenario" */ = {
			isa = XCConfigurationList;
			buildConfigurations = (
				468C97CA17A2B2A30032447A /* Debug */,
				468C97CB17A2B2A30032447A /* Release */,
			);
			defaultConfigurationIsVisible = 0;
			defaultConfigurationName = Release;
		};
		468C97CC17A2B2A30032447A /* Build configuration list for PBXLegacyTarget "Scenario" */ = {
			isa = XCConfigurationList;
			buildConfigurations = (
				468C97CD17A2B2A30032447A /* Debug */,
				468C97CE17A2B2A30032447A /* Release */,
			);
			defaultConfigurationIsVisible = 0;
			defaultConfigurationName = Release;
		};
/* End XCConfigurationList section */
	};
	rootObject = 468C97C517A2B2A30032447A /* Project object */;
}
