// !$*UTF8*$!
{
	archiveVersion = 1;
	classes = {
	};
	objectVersion = 46;
	objects = {

/* Begin PBXFileReference section */
		4617A80E16ECF937007A6E44 /* Scenario.h */ = {isa = PBXFileReference; lastKnownFileType = sourcecode.c.h; path = Scenario.h; sourceTree = "<group>"; };
		4617A81016ECF93D007A6E44 /* Scenario.cpp */ = {isa = PBXFileReference; lastKnownFileType = sourcecode.cpp.cpp; path = Scenario.cpp; sourceTree = "<group>"; };
		4617A81216ECF951007A6E44 /* TimeProcess.cpp */ = {isa = PBXFileReference; lastKnownFileType = sourcecode.cpp.cpp; path = TimeProcess.cpp; sourceTree = "<group>"; };
		4617A81316ECF951007A6E44 /* TimeProcess.h */ = {isa = PBXFileReference; lastKnownFileType = sourcecode.c.h; path = TimeProcess.h; sourceTree = "<group>"; };
		46F4622A16F13E9B0092840F /* Arc.cpp */ = {isa = PBXFileReference; lastKnownFileType = sourcecode.cpp.cpp; path = Arc.cpp; sourceTree = "<group>"; };
		46F4622B16F13E9B0092840F /* Arc.hpp */ = {isa = PBXFileReference; lastKnownFileType = sourcecode.cpp.h; path = Arc.hpp; sourceTree = "<group>"; };
		46F4622D16F13E9B0092840F /* ArithmeticException.hpp */ = {isa = PBXFileReference; lastKnownFileType = sourcecode.cpp.h; path = ArithmeticException.hpp; sourceTree = "<group>"; };
		46F4622E16F13E9B0092840F /* ExtendedInt.cpp */ = {isa = PBXFileReference; lastKnownFileType = sourcecode.cpp.cpp; path = ExtendedInt.cpp; sourceTree = "<group>"; };
		46F4622F16F13E9B0092840F /* ExtendedInt.hpp */ = {isa = PBXFileReference; lastKnownFileType = sourcecode.cpp.h; path = ExtendedInt.hpp; sourceTree = "<group>"; };
		46F4623016F13E9B0092840F /* IllegalArgumentException.hpp */ = {isa = PBXFileReference; lastKnownFileType = sourcecode.cpp.h; path = IllegalArgumentException.hpp; sourceTree = "<group>"; };
		46F4623116F13E9B0092840F /* IncoherentStateException.hpp */ = {isa = PBXFileReference; lastKnownFileType = sourcecode.cpp.h; path = IncoherentStateException.hpp; sourceTree = "<group>"; };
		46F4623216F13E9B0092840F /* OutOfBoundException.hpp */ = {isa = PBXFileReference; lastKnownFileType = sourcecode.cpp.h; path = OutOfBoundException.hpp; sourceTree = "<group>"; };
		46F4623316F13E9B0092840F /* PetriNet.cpp */ = {isa = PBXFileReference; lastKnownFileType = sourcecode.cpp.cpp; path = PetriNet.cpp; sourceTree = "<group>"; };
		46F4623416F13E9B0092840F /* PetriNet.hpp */ = {isa = PBXFileReference; lastKnownFileType = sourcecode.cpp.h; path = PetriNet.hpp; sourceTree = "<group>"; };
		46F4623516F13E9B0092840F /* PetriNetItem.cpp */ = {isa = PBXFileReference; lastKnownFileType = sourcecode.cpp.cpp; path = PetriNetItem.cpp; sourceTree = "<group>"; };
		46F4623616F13E9B0092840F /* PetriNetItem.hpp */ = {isa = PBXFileReference; lastKnownFileType = sourcecode.cpp.h; path = PetriNetItem.hpp; sourceTree = "<group>"; };
		46F4623716F13E9B0092840F /* PetriNetNode.cpp */ = {isa = PBXFileReference; lastKnownFileType = sourcecode.cpp.cpp; path = PetriNetNode.cpp; sourceTree = "<group>"; };
		46F4623816F13E9B0092840F /* PetriNetNode.hpp */ = {isa = PBXFileReference; lastKnownFileType = sourcecode.cpp.h; path = PetriNetNode.hpp; sourceTree = "<group>"; };
		46F4623916F13E9B0092840F /* Place.cpp */ = {isa = PBXFileReference; lastKnownFileType = sourcecode.cpp.cpp; path = Place.cpp; sourceTree = "<group>"; };
		46F4623A16F13E9B0092840F /* Place.hpp */ = {isa = PBXFileReference; lastKnownFileType = sourcecode.cpp.h; path = Place.hpp; sourceTree = "<group>"; };
		46F4623B16F13E9B0092840F /* PriorityTransitionAction.cpp */ = {isa = PBXFileReference; lastKnownFileType = sourcecode.cpp.cpp; path = PriorityTransitionAction.cpp; sourceTree = "<group>"; };
		46F4623C16F13E9B0092840F /* PriorityTransitionAction.hpp */ = {isa = PBXFileReference; lastKnownFileType = sourcecode.cpp.h; path = PriorityTransitionAction.hpp; sourceTree = "<group>"; };
		46F4623D16F13E9B0092840F /* ThreadSafeList.cpp */ = {isa = PBXFileReference; lastKnownFileType = sourcecode.cpp.cpp; path = ThreadSafeList.cpp; sourceTree = "<group>"; };
		46F4623E16F13E9B0092840F /* ThreadSafeList.hpp */ = {isa = PBXFileReference; lastKnownFileType = sourcecode.cpp.h; path = ThreadSafeList.hpp; sourceTree = "<group>"; };
		46F4623F16F13E9B0092840F /* Token.cpp */ = {isa = PBXFileReference; lastKnownFileType = sourcecode.cpp.cpp; path = Token.cpp; sourceTree = "<group>"; };
		46F4624016F13E9B0092840F /* Token.hpp */ = {isa = PBXFileReference; lastKnownFileType = sourcecode.cpp.h; path = Token.hpp; sourceTree = "<group>"; };
		46F4624116F13E9B0092840F /* Transition.cpp */ = {isa = PBXFileReference; lastKnownFileType = sourcecode.cpp.cpp; path = Transition.cpp; sourceTree = "<group>"; };
		46F4624216F13E9B0092840F /* Transition.hpp */ = {isa = PBXFileReference; lastKnownFileType = sourcecode.cpp.h; path = Transition.hpp; sourceTree = "<group>"; };
		46F4624316F13E9B0092840F /* TransitionAction.cpp */ = {isa = PBXFileReference; lastKnownFileType = sourcecode.cpp.cpp; path = TransitionAction.cpp; sourceTree = "<group>"; };
		46F4624416F13E9B0092840F /* TransitionAction.hpp */ = {isa = PBXFileReference; lastKnownFileType = sourcecode.cpp.h; path = TransitionAction.hpp; sourceTree = "<group>"; };
		46F4624516F13E9B0092840F /* TransitionBitArray.cpp */ = {isa = PBXFileReference; lastKnownFileType = sourcecode.cpp.cpp; path = TransitionBitArray.cpp; sourceTree = "<group>"; };
		46F4624616F13E9B0092840F /* TransitionBitArray.hpp */ = {isa = PBXFileReference; lastKnownFileType = sourcecode.cpp.h; path = TransitionBitArray.hpp; sourceTree = "<group>"; };
/* End PBXFileReference section */

/* Begin PBXGroup section */
		4617A80016ECF434007A6E44 = {
			isa = PBXGroup;
			children = (
				4617A81116ECF951007A6E44 /* TimeProcessLib */,
				4617A80D16ECF937007A6E44 /* includes */,
				4617A80F16ECF93D007A6E44 /* source */,
			);
			sourceTree = "<group>";
		};
		4617A80D16ECF937007A6E44 /* includes */ = {
			isa = PBXGroup;
			children = (
				4617A80E16ECF937007A6E44 /* Scenario.h */,
			);
			path = includes;
			sourceTree = "<group>";
		};
		4617A80F16ECF93D007A6E44 /* source */ = {
			isa = PBXGroup;
			children = (
				4617A81016ECF93D007A6E44 /* Scenario.cpp */,
				46F4622916F13E9B0092840F /* PetriNet */,
			);
			path = source;
			sourceTree = SOURCE_ROOT;
		};
		4617A81116ECF951007A6E44 /* TimeProcessLib */ = {
			isa = PBXGroup;
			children = (
				4617A81316ECF951007A6E44 /* TimeProcess.h */,
				4617A81216ECF951007A6E44 /* TimeProcess.cpp */,
			);
			name = TimeProcessLib;
			path = ../../library/TimeProcessLib;
			sourceTree = "<group>";
		};
		46F4622916F13E9B0092840F /* PetriNet */ = {
			isa = PBXGroup;
			children = (
				46F4622B16F13E9B0092840F /* Arc.hpp */,
				46F4622A16F13E9B0092840F /* Arc.cpp */,
				46F4622D16F13E9B0092840F /* ArithmeticException.hpp */,
				46F4622F16F13E9B0092840F /* ExtendedInt.hpp */,
				46F4622E16F13E9B0092840F /* ExtendedInt.cpp */,
				46F4623016F13E9B0092840F /* IllegalArgumentException.hpp */,
				46F4623116F13E9B0092840F /* IncoherentStateException.hpp */,
				46F4623216F13E9B0092840F /* OutOfBoundException.hpp */,
				46F4623416F13E9B0092840F /* PetriNet.hpp */,
				46F4623316F13E9B0092840F /* PetriNet.cpp */,
				46F4623616F13E9B0092840F /* PetriNetItem.hpp */,
				46F4623516F13E9B0092840F /* PetriNetItem.cpp */,
				46F4623816F13E9B0092840F /* PetriNetNode.hpp */,
				46F4623716F13E9B0092840F /* PetriNetNode.cpp */,
				46F4623A16F13E9B0092840F /* Place.hpp */,
				46F4623916F13E9B0092840F /* Place.cpp */,
				46F4623C16F13E9B0092840F /* PriorityTransitionAction.hpp */,
				46F4623B16F13E9B0092840F /* PriorityTransitionAction.cpp */,
				46F4623E16F13E9B0092840F /* ThreadSafeList.hpp */,
				46F4623D16F13E9B0092840F /* ThreadSafeList.cpp */,
				46F4624016F13E9B0092840F /* Token.hpp */,
				46F4623F16F13E9B0092840F /* Token.cpp */,
				46F4624216F13E9B0092840F /* Transition.hpp */,
				46F4624116F13E9B0092840F /* Transition.cpp */,
				46F4624416F13E9B0092840F /* TransitionAction.hpp */,
				46F4624316F13E9B0092840F /* TransitionAction.cpp */,
				46F4624616F13E9B0092840F /* TransitionBitArray.hpp */,
				46F4624516F13E9B0092840F /* TransitionBitArray.cpp */,
			);
			path = PetriNet;
			sourceTree = "<group>";
		};
/* End PBXGroup section */

/* Begin PBXLegacyTarget section */
		4617A80516ECF434007A6E44 /* Scenario */ = {
			isa = PBXLegacyTarget;
			buildArgumentsString = "$(ACTION) $(Configuration)";
			buildConfigurationList = 4617A80816ECF434007A6E44 /* Build configuration list for PBXLegacyTarget "Scenario" */;
			buildPhases = (
			);
			buildToolPath = /usr/bin/make;
			buildWorkingDirectory = "";
			dependencies = (
			);
			name = Scenario;
			passBuildSettingsInEnvironment = 1;
			productName = Scenario;
		};
/* End PBXLegacyTarget section */

/* Begin PBXProject section */
		4617A80116ECF434007A6E44 /* Project object */ = {
			isa = PBXProject;
			attributes = {
				LastUpgradeCheck = 0460;
				ORGANIZATIONNAME = OSSIA;
			};
			buildConfigurationList = 4617A80416ECF434007A6E44 /* Build configuration list for PBXProject "Scenario" */;
			compatibilityVersion = "Xcode 3.2";
			developmentRegion = English;
			hasScannedForEncodings = 0;
			knownRegions = (
				en,
			);
			mainGroup = 4617A80016ECF434007A6E44;
			projectDirPath = "";
			projectRoot = "";
			targets = (
				4617A80516ECF434007A6E44 /* Scenario */,
			);
		};
/* End PBXProject section */

/* Begin XCBuildConfiguration section */
		4617A80616ECF434007A6E44 /* Debug */ = {
			isa = XCBuildConfiguration;
			buildSettings = {
				ALWAYS_SEARCH_USER_PATHS = NO;
				ARCHS = "$(ARCHS_STANDARD_64_BIT)";
				CLANG_CXX_LANGUAGE_STANDARD = "gnu++0x";
				CLANG_CXX_LIBRARY = "libc++";
				CLANG_WARN_CONSTANT_CONVERSION = YES;
				CLANG_WARN_EMPTY_BODY = YES;
				CLANG_WARN_ENUM_CONVERSION = YES;
				CLANG_WARN_INT_CONVERSION = YES;
				CLANG_WARN__DUPLICATE_METHOD_MATCH = YES;
				COPY_PHASE_STRIP = NO;
				GCC_C_LANGUAGE_STANDARD = gnu99;
				GCC_DYNAMIC_NO_PIC = NO;
				GCC_ENABLE_OBJC_EXCEPTIONS = YES;
				GCC_OPTIMIZATION_LEVEL = 0;
				GCC_PREPROCESSOR_DEFINITIONS = (
					"DEBUG=1",
					"$(inherited)",
				);
				GCC_SYMBOLS_PRIVATE_EXTERN = NO;
				GCC_WARN_64_TO_32_BIT_CONVERSION = YES;
				GCC_WARN_ABOUT_RETURN_TYPE = YES;
				GCC_WARN_UNINITIALIZED_AUTOS = YES;
				GCC_WARN_UNUSED_VARIABLE = YES;
				MACOSX_DEPLOYMENT_TARGET = 10.8;
				ONLY_ACTIVE_ARCH = YES;
				SDKROOT = macosx;
			};
			name = Debug;
		};
		4617A80716ECF434007A6E44 /* Release */ = {
			isa = XCBuildConfiguration;
			buildSettings = {
				ALWAYS_SEARCH_USER_PATHS = NO;
				ARCHS = "$(ARCHS_STANDARD_64_BIT)";
				CLANG_CXX_LANGUAGE_STANDARD = "gnu++0x";
				CLANG_CXX_LIBRARY = "libc++";
				CLANG_WARN_CONSTANT_CONVERSION = YES;
				CLANG_WARN_EMPTY_BODY = YES;
				CLANG_WARN_ENUM_CONVERSION = YES;
				CLANG_WARN_INT_CONVERSION = YES;
				CLANG_WARN__DUPLICATE_METHOD_MATCH = YES;
				COPY_PHASE_STRIP = YES;
				DEBUG_INFORMATION_FORMAT = "dwarf-with-dsym";
				GCC_C_LANGUAGE_STANDARD = gnu99;
				GCC_ENABLE_OBJC_EXCEPTIONS = YES;
				GCC_WARN_64_TO_32_BIT_CONVERSION = YES;
				GCC_WARN_ABOUT_RETURN_TYPE = YES;
				GCC_WARN_UNINITIALIZED_AUTOS = YES;
				GCC_WARN_UNUSED_VARIABLE = YES;
				MACOSX_DEPLOYMENT_TARGET = 10.8;
				SDKROOT = macosx;
			};
			name = Release;
		};
		4617A80916ECF434007A6E44 /* Debug */ = {
			isa = XCBuildConfiguration;
			buildSettings = {
				DEBUGGING_SYMBOLS = YES;
				GCC_GENERATE_DEBUGGING_SYMBOLS = YES;
				GCC_OPTIMIZATION_LEVEL = 0;
				OTHER_CFLAGS = "";
				OTHER_LDFLAGS = "";
				PRODUCT_NAME = "$(TARGET_NAME)";
			};
			name = Debug;
		};
		4617A80A16ECF434007A6E44 /* Release */ = {
			isa = XCBuildConfiguration;
			buildSettings = {
				OTHER_CFLAGS = "";
				OTHER_LDFLAGS = "";
				PRODUCT_NAME = "$(TARGET_NAME)";
			};
			name = Release;
		};
/* End XCBuildConfiguration section */

/* Begin XCConfigurationList section */
		4617A80416ECF434007A6E44 /* Build configuration list for PBXProject "Scenario" */ = {
			isa = XCConfigurationList;
			buildConfigurations = (
				4617A80616ECF434007A6E44 /* Debug */,
				4617A80716ECF434007A6E44 /* Release */,
			);
			defaultConfigurationIsVisible = 0;
			defaultConfigurationName = Release;
		};
		4617A80816ECF434007A6E44 /* Build configuration list for PBXLegacyTarget "Scenario" */ = {
			isa = XCConfigurationList;
			buildConfigurations = (
				4617A80916ECF434007A6E44 /* Debug */,
				4617A80A16ECF434007A6E44 /* Release */,
			);
			defaultConfigurationIsVisible = 0;
			defaultConfigurationName = Release;
		};
/* End XCConfigurationList section */
	};
	rootObject = 4617A80116ECF434007A6E44 /* Project object */;
}
