// !$*UTF8*$!
{
	archiveVersion = 1;
	classes = {
	};
	objectVersion = 46;
	objects = {

/* Begin PBXFileReference section */
		464DF8D71758E18100A30B8D /* Condition.h */ = {isa = PBXFileReference; lastKnownFileType = sourcecode.c.h; path = Condition.h; sourceTree = "<group>"; };
		464DF8D91758E18800A30B8D /* Condition.cpp */ = {isa = PBXFileReference; lastKnownFileType = sourcecode.cpp.cpp; path = Condition.cpp; sourceTree = "<group>"; };
		46B5554C177B2C9400F50D89 /* Condition.yml */ = {isa = PBXFileReference; lastKnownFileType = text; path = Condition.yml; sourceTree = "<group>"; };
		46B5554D177B2C9B00F50D89 /* TimeProcessLib.cpp */ = {isa = PBXFileReference; lastKnownFileType = sourcecode.cpp.cpp; name = TimeProcessLib.cpp; path = ../../extensions/TimeProcessLib.cpp; sourceTree = "<group>"; };
		46B5554E177B2C9B00F50D89 /* TimeProcessLib.h */ = {isa = PBXFileReference; lastKnownFileType = sourcecode.c.h; name = TimeProcessLib.h; path = ../../extensions/TimeProcessLib.h; sourceTree = "<group>"; };
/* End PBXFileReference section */

/* Begin PBXGroup section */
		464DF8D61758E18100A30B8D /* includes */ = {
			isa = PBXGroup;
			children = (
				464DF8D71758E18100A30B8D /* Condition.h */,
			);
			path = includes;
			sourceTree = "<group>";
		};
		464DF8D81758E18800A30B8D /* source */ = {
			isa = PBXGroup;
			children = (
				464DF8D91758E18800A30B8D /* Condition.cpp */,
			);
			path = source;
			sourceTree = "<group>";
		};
		464DF8DA1758E19200A30B8D /* TimeProcessLib */ = {
			isa = PBXGroup;
			children = (
				46B5554E177B2C9B00F50D89 /* TimeProcessLib.h */,
				46B5554D177B2C9B00F50D89 /* TimeProcessLib.cpp */,
			);
			name = TimeProcessLib;
			path = ../../library/TimeProcessLib;
			sourceTree = "<group>";
		};
		46E49F4C1758E15000F4CF53 = {
			isa = PBXGroup;
			children = (
				46B5554C177B2C9400F50D89 /* Condition.yml */,
				464DF8DA1758E19200A30B8D /* TimeProcessLib */,
				464DF8D61758E18100A30B8D /* includes */,
				464DF8D81758E18800A30B8D /* source */,
			);
			sourceTree = "<group>";
		};
/* End PBXGroup section */

/* Begin PBXLegacyTarget section */
		46E49F511758E15000F4CF53 /* Condition */ = {
			isa = PBXLegacyTarget;
			buildArgumentsString = "$(ACTION) $(Configuration)";
			buildConfigurationList = 46E49F541758E15000F4CF53 /* Build configuration list for PBXLegacyTarget "Condition" */;
			buildPhases = (
			);
			buildToolPath = /usr/bin/make;
			buildWorkingDirectory = "";
			dependencies = (
			);
			name = Condition;
			passBuildSettingsInEnvironment = 1;
			productName = Condition;
		};
/* End PBXLegacyTarget section */

/* Begin PBXProject section */
		46E49F4D1758E15000F4CF53 /* Project object */ = {
			isa = PBXProject;
			attributes = {
				LastUpgradeCheck = 0460;
				ORGANIZATIONNAME = OSSIA;
			};
			buildConfigurationList = 46E49F501758E15000F4CF53 /* Build configuration list for PBXProject "Condition" */;
			compatibilityVersion = "Xcode 3.2";
			developmentRegion = English;
			hasScannedForEncodings = 0;
			knownRegions = (
				en,
			);
			mainGroup = 46E49F4C1758E15000F4CF53;
			projectDirPath = "";
			projectRoot = "";
			targets = (
				46E49F511758E15000F4CF53 /* Condition */,
			);
		};
/* End PBXProject section */

/* Begin XCBuildConfiguration section */
		46E49F521758E15000F4CF53 /* Debug */ = {
			isa = XCBuildConfiguration;
			buildSettings = {
				ALWAYS_SEARCH_USER_PATHS = NO;
				ARCHS = "$(ARCHS_STANDARD_64_BIT)";
				CLANG_CXX_LANGUAGE_STANDARD = "gnu++0x";
				CLANG_CXX_LIBRARY = "libc++";
				CLANG_WARN_CONSTANT_CONVERSION = YES;
				CLANG_WARN_EMPTY_BODY = YES;
				CLANG_WARN_ENUM_CONVERSION = YES;
				CLANG_WARN_INT_CONVERSION = YES;
				CLANG_WARN__DUPLICATE_METHOD_MATCH = YES;
				COPY_PHASE_STRIP = NO;
				GCC_C_LANGUAGE_STANDARD = gnu99;
				GCC_DYNAMIC_NO_PIC = NO;
				GCC_ENABLE_OBJC_EXCEPTIONS = YES;
				GCC_OPTIMIZATION_LEVEL = 0;
				GCC_PREPROCESSOR_DEFINITIONS = (
					"DEBUG=1",
					"$(inherited)",
				);
				GCC_SYMBOLS_PRIVATE_EXTERN = NO;
				GCC_WARN_64_TO_32_BIT_CONVERSION = YES;
				GCC_WARN_ABOUT_RETURN_TYPE = YES;
				GCC_WARN_UNINITIALIZED_AUTOS = YES;
				GCC_WARN_UNUSED_VARIABLE = YES;
				MACOSX_DEPLOYMENT_TARGET = 10.8;
				ONLY_ACTIVE_ARCH = YES;
				SDKROOT = macosx;
			};
			name = Debug;
		};
		46E49F531758E15000F4CF53 /* Release */ = {
			isa = XCBuildConfiguration;
			buildSettings = {
				ALWAYS_SEARCH_USER_PATHS = NO;
				ARCHS = "$(ARCHS_STANDARD_64_BIT)";
				CLANG_CXX_LANGUAGE_STANDARD = "gnu++0x";
				CLANG_CXX_LIBRARY = "libc++";
				CLANG_WARN_CONSTANT_CONVERSION = YES;
				CLANG_WARN_EMPTY_BODY = YES;
				CLANG_WARN_ENUM_CONVERSION = YES;
				CLANG_WARN_INT_CONVERSION = YES;
				CLANG_WARN__DUPLICATE_METHOD_MATCH = YES;
				COPY_PHASE_STRIP = YES;
				DEBUG_INFORMATION_FORMAT = "dwarf-with-dsym";
				GCC_C_LANGUAGE_STANDARD = gnu99;
				GCC_ENABLE_OBJC_EXCEPTIONS = YES;
				GCC_WARN_64_TO_32_BIT_CONVERSION = YES;
				GCC_WARN_ABOUT_RETURN_TYPE = YES;
				GCC_WARN_UNINITIALIZED_AUTOS = YES;
				GCC_WARN_UNUSED_VARIABLE = YES;
				MACOSX_DEPLOYMENT_TARGET = 10.8;
				SDKROOT = macosx;
			};
			name = Release;
		};
		46E49F551758E15000F4CF53 /* Debug */ = {
			isa = XCBuildConfiguration;
			buildSettings = {
				DEBUGGING_SYMBOLS = YES;
				GCC_GENERATE_DEBUGGING_SYMBOLS = YES;
				GCC_OPTIMIZATION_LEVEL = 0;
				OTHER_CFLAGS = "";
				OTHER_LDFLAGS = "";
				PRODUCT_NAME = "$(TARGET_NAME)";
			};
			name = Debug;
		};
		46E49F561758E15000F4CF53 /* Release */ = {
			isa = XCBuildConfiguration;
			buildSettings = {
				OTHER_CFLAGS = "";
				OTHER_LDFLAGS = "";
				PRODUCT_NAME = "$(TARGET_NAME)";
			};
			name = Release;
		};
/* End XCBuildConfiguration section */

/* Begin XCConfigurationList section */
		46E49F501758E15000F4CF53 /* Build configuration list for PBXProject "Condition" */ = {
			isa = XCConfigurationList;
			buildConfigurations = (
				46E49F521758E15000F4CF53 /* Debug */,
				46E49F531758E15000F4CF53 /* Release */,
			);
			defaultConfigurationIsVisible = 0;
			defaultConfigurationName = Release;
		};
		46E49F541758E15000F4CF53 /* Build configuration list for PBXLegacyTarget "Condition" */ = {
			isa = XCConfigurationList;
			buildConfigurations = (
				46E49F551758E15000F4CF53 /* Debug */,
				46E49F561758E15000F4CF53 /* Release */,
			);
			defaultConfigurationIsVisible = 0;
			defaultConfigurationName = Release;
		};
/* End XCConfigurationList section */
	};
	rootObject = 46E49F4D1758E15000F4CF53 /* Project object */;
}
